
Microsoft Visual Studio Solution File, Format Version 12.00
# Visual Studio Version 16
VisualStudioVersion = 16.0.30413.136
MinimumVisualStudioVersion = 10.0.40219.1
Project("{9A19103F-16F7-4668-BE54-9A1E7A4F7556}") = "ForceTestingService.WEB", "ForceTestingService.WEB\ForceTestingService.WEB.csproj", "{41D38C93-B52A-475C-BEBE-9B480C280DA1}"
EndProject
Project("{9A19103F-16F7-4668-BE54-9A1E7A4F7556}") = "ForceTestingService.ApplicationCore", "ForceTestingService.ApplicationCore\ForceTestingService.ApplicationCore.csproj", "{EAD6ED68-0934-4B60-8A55-FD3359BFF640}"
EndProject
Project("{9A19103F-16F7-4668-BE54-9A1E7A4F7556}") = "ForceTestingService.Infrastructure", "ForceTestingService.Infrastructure\ForceTestingService.Infrastructure.csproj", "{D1597FE3-A62C-4E5B-B388-9F482D24D776}"
EndProject
Project("{9A19103F-16F7-4668-BE54-9A1E7A4F7556}") = "ForceTestingService.ApplicationCore.UnitTests", "ForceTestingService.ApplicationCore.UnitTests\ForceTestingService.ApplicationCore.UnitTests.csproj", "{5680BED0-53FD-49FC-9AE6-8CBC2B63BF1A}"
EndProject
Project("{9A19103F-16F7-4668-BE54-9A1E7A4F7556}") = "ForceTestingService.IntegrationTests", "ForceTestingService.IntegrationTests\ForceTestingService.IntegrationTests.csproj", "{8D7338D9-F6D9-40C0-9E68-4721847B56F3}"
EndProject
Project("{E53339B2-1760-4266-BCC7-CA923CBCF16C}") = "docker-compose", "docker-compose.dcproj", "{C0C80A58-04A1-4FF4-9B02-FED5120650ED}"
EndProject
Global
	GlobalSection(SolutionConfigurationPlatforms) = preSolution
		Debug|Any CPU = Debug|Any CPU
		Release|Any CPU = Release|Any CPU
	EndGlobalSection
	GlobalSection(ProjectConfigurationPlatforms) = postSolution
		{41D38C93-B52A-475C-BEBE-9B480C280DA1}.Debug|Any CPU.ActiveCfg = Debug|Any CPU
		{41D38C93-B52A-475C-BEBE-9B480C280DA1}.Debug|Any CPU.Build.0 = Debug|Any CPU
		{41D38C93-B52A-475C-BEBE-9B480C280DA1}.Release|Any CPU.ActiveCfg = Release|Any CPU
		{41D38C93-B52A-475C-BEBE-9B480C280DA1}.Release|Any CPU.Build.0 = Release|Any CPU
		{EAD6ED68-0934-4B60-8A55-FD3359BFF640}.Debug|Any CPU.ActiveCfg = Debug|Any CPU
		{EAD6ED68-0934-4B60-8A55-FD3359BFF640}.Debug|Any CPU.Build.0 = Debug|Any CPU
		{EAD6ED68-0934-4B60-8A55-FD3359BFF640}.Release|Any CPU.ActiveCfg = Release|Any CPU
		{EAD6ED68-0934-4B60-8A55-FD3359BFF640}.Release|Any CPU.Build.0 = Release|Any CPU
		{D1597FE3-A62C-4E5B-B388-9F482D24D776}.Debug|Any CPU.ActiveCfg = Debug|Any CPU
		{D1597FE3-A62C-4E5B-B388-9F482D24D776}.Debug|Any CPU.Build.0 = Debug|Any CPU
		{D1597FE3-A62C-4E5B-B388-9F482D24D776}.Release|Any CPU.ActiveCfg = Release|Any CPU
		{D1597FE3-A62C-4E5B-B388-9F482D24D776}.Release|Any CPU.Build.0 = Release|Any CPU
		{5680BED0-53FD-49FC-9AE6-8CBC2B63BF1A}.Debug|Any CPU.ActiveCfg = Debug|Any CPU
		{5680BED0-53FD-49FC-9AE6-8CBC2B63BF1A}.Debug|Any CPU.Build.0 = Debug|Any CPU
		{5680BED0-53FD-49FC-9AE6-8CBC2B63BF1A}.Release|Any CPU.ActiveCfg = Release|Any CPU
		{5680BED0-53FD-49FC-9AE6-8CBC2B63BF1A}.Release|Any CPU.Build.0 = Release|Any CPU
		{8D7338D9-F6D9-40C0-9E68-4721847B56F3}.Debug|Any CPU.ActiveCfg = Debug|Any CPU
		{8D7338D9-F6D9-40C0-9E68-4721847B56F3}.Debug|Any CPU.Build.0 = Debug|Any CPU
		{8D7338D9-F6D9-40C0-9E68-4721847B56F3}.Release|Any CPU.ActiveCfg = Release|Any CPU
		{8D7338D9-F6D9-40C0-9E68-4721847B56F3}.Release|Any CPU.Build.0 = Release|Any CPU
		{C0C80A58-04A1-4FF4-9B02-FED5120650ED}.Debug|Any CPU.ActiveCfg = Debug|Any CPU
		{C0C80A58-04A1-4FF4-9B02-FED5120650ED}.Debug|Any CPU.Build.0 = Debug|Any CPU
		{C0C80A58-04A1-4FF4-9B02-FED5120650ED}.Release|Any CPU.ActiveCfg = Release|Any CPU
		{C0C80A58-04A1-4FF4-9B02-FED5120650ED}.Release|Any CPU.Build.0 = Release|Any CPU
	EndGlobalSection
	GlobalSection(SolutionProperties) = preSolution
		HideSolutionNode = FALSE
	EndGlobalSection
	GlobalSection(ExtensibilityGlobals) = postSolution
		SolutionGuid = {AFEF8FF9-7C37-4DEE-A5E6-9CB5C24CF7BF}
	EndGlobalSection
EndGlobal
